// !$*UTF8*$!
{
	archiveVersion = 1;
	classes = {
	};
	objectVersion = 56;
	objects = {

/* Begin PBXBuildFile section */
		9914A6D32BD13942009EDC23 /* SimplePingSwift.docc in Sources */ = {isa = PBXBuildFile; fileRef = 9914A6D22BD13942009EDC23 /* SimplePingSwift.docc */; };
		9914A6D92BD13943009EDC23 /* SimplePingSwift.framework in Frameworks */ = {isa = PBXBuildFile; fileRef = 9914A6CE2BD13942009EDC23 /* SimplePingSwift.framework */; };
		9914A6DF2BD13943009EDC23 /* SimplePingSwift.h in Headers */ = {isa = PBXBuildFile; fileRef = 9914A6D12BD13942009EDC23 /* SimplePingSwift.h */; settings = {ATTRIBUTES = (Public, ); }; };
		9914A6F22BD146C6009EDC23 /* SimplePing.h in Headers */ = {isa = PBXBuildFile; fileRef = 9914A6F02BD146C6009EDC23 /* SimplePing.h */; settings = {ATTRIBUTES = (Private, ); }; };
		9914A6F32BD146C6009EDC23 /* SimplePing.m in Sources */ = {isa = PBXBuildFile; fileRef = 9914A6F12BD146C6009EDC23 /* SimplePing.m */; };
		9914A6FE2BD15E1B009EDC23 /* SimplePingAccessTests.swift in Sources */ = {isa = PBXBuildFile; fileRef = 9914A6FD2BD15E1B009EDC23 /* SimplePingAccessTests.swift */; };
		9984B7FB2BDA5FE0004A3820 /* PingSession.swift in Sources */ = {isa = PBXBuildFile; fileRef = 9984B7FA2BDA5FE0004A3820 /* PingSession.swift */; };
		9984B7FD2BDA6047004A3820 /* PingSessionTests.swift in Sources */ = {isa = PBXBuildFile; fileRef = 9984B7FC2BDA6047004A3820 /* PingSessionTests.swift */; };
		9984B8002BDA60FB004A3820 /* PingManager.swift in Sources */ = {isa = PBXBuildFile; fileRef = 9984B7FF2BDA60FB004A3820 /* PingManager.swift */; };
		9984B8022BDA6371004A3820 /* SimplePingPingManager.swift in Sources */ = {isa = PBXBuildFile; fileRef = 9984B8012BDA6371004A3820 /* SimplePingPingManager.swift */; };
		9984B8042BDA64D4004A3820 /* SimplePingPingManagerTests.swift in Sources */ = {isa = PBXBuildFile; fileRef = 9984B8032BDA64D4004A3820 /* SimplePingPingManagerTests.swift */; };
/* End PBXBuildFile section */

/* Begin PBXContainerItemProxy section */
		9914A6DA2BD13943009EDC23 /* PBXContainerItemProxy */ = {
			isa = PBXContainerItemProxy;
			containerPortal = 9914A6C52BD13942009EDC23 /* Project object */;
			proxyType = 1;
			remoteGlobalIDString = 9914A6CD2BD13942009EDC23;
			remoteInfo = SimplePingSwift;
		};
/* End PBXContainerItemProxy section */

/* Begin PBXFileReference section */
		9914A6CE2BD13942009EDC23 /* SimplePingSwift.framework */ = {isa = PBXFileReference; explicitFileType = wrapper.framework; includeInIndex = 0; path = SimplePingSwift.framework; sourceTree = BUILT_PRODUCTS_DIR; };
		9914A6D12BD13942009EDC23 /* SimplePingSwift.h */ = {isa = PBXFileReference; lastKnownFileType = sourcecode.c.h; path = SimplePingSwift.h; sourceTree = "<group>"; };
		9914A6D22BD13942009EDC23 /* SimplePingSwift.docc */ = {isa = PBXFileReference; lastKnownFileType = folder.documentationcatalog; path = SimplePingSwift.docc; sourceTree = "<group>"; };
		9914A6D82BD13943009EDC23 /* SimplePingSwiftTests.xctest */ = {isa = PBXFileReference; explicitFileType = wrapper.cfbundle; includeInIndex = 0; path = SimplePingSwiftTests.xctest; sourceTree = BUILT_PRODUCTS_DIR; };
		9914A6F02BD146C6009EDC23 /* SimplePing.h */ = {isa = PBXFileReference; fileEncoding = 4; lastKnownFileType = sourcecode.c.h; path = SimplePing.h; sourceTree = "<group>"; };
		9914A6F12BD146C6009EDC23 /* SimplePing.m */ = {isa = PBXFileReference; fileEncoding = 4; lastKnownFileType = sourcecode.c.objc; path = SimplePing.m; sourceTree = "<group>"; };
		9914A6FD2BD15E1B009EDC23 /* SimplePingAccessTests.swift */ = {isa = PBXFileReference; lastKnownFileType = sourcecode.swift; path = SimplePingAccessTests.swift; sourceTree = "<group>"; };
		9914A7002BD15EE7009EDC23 /* SimplePingSwift.modulemap */ = {isa = PBXFileReference; lastKnownFileType = "sourcecode.module-map"; path = SimplePingSwift.modulemap; sourceTree = "<group>"; };
		9984B7FA2BDA5FE0004A3820 /* PingSession.swift */ = {isa = PBXFileReference; fileEncoding = 4; lastKnownFileType = sourcecode.swift; path = PingSession.swift; sourceTree = "<group>"; };
		9984B7FC2BDA6047004A3820 /* PingSessionTests.swift */ = {isa = PBXFileReference; fileEncoding = 4; lastKnownFileType = sourcecode.swift; path = PingSessionTests.swift; sourceTree = "<group>"; };
		9984B7FF2BDA60FB004A3820 /* PingManager.swift */ = {isa = PBXFileReference; fileEncoding = 4; lastKnownFileType = sourcecode.swift; path = PingManager.swift; sourceTree = "<group>"; };
		9984B8012BDA6371004A3820 /* SimplePingPingManager.swift */ = {isa = PBXFileReference; lastKnownFileType = sourcecode.swift; path = SimplePingPingManager.swift; sourceTree = "<group>"; };
		9984B8032BDA64D4004A3820 /* SimplePingPingManagerTests.swift */ = {isa = PBXFileReference; lastKnownFileType = sourcecode.swift; path = SimplePingPingManagerTests.swift; sourceTree = "<group>"; };
/* End PBXFileReference section */

/* Begin PBXFrameworksBuildPhase section */
		9914A6CB2BD13942009EDC23 /* Frameworks */ = {
			isa = PBXFrameworksBuildPhase;
			buildActionMask = 2147483647;
			files = (
			);
			runOnlyForDeploymentPostprocessing = 0;
		};
		9914A6D52BD13943009EDC23 /* Frameworks */ = {
			isa = PBXFrameworksBuildPhase;
			buildActionMask = 2147483647;
			files = (
				9914A6D92BD13943009EDC23 /* SimplePingSwift.framework in Frameworks */,
			);
			runOnlyForDeploymentPostprocessing = 0;
		};
/* End PBXFrameworksBuildPhase section */

/* Begin PBXGroup section */
		9914A6C42BD13942009EDC23 = {
			isa = PBXGroup;
			children = (
				9914A6D02BD13942009EDC23 /* SimplePingSwift */,
				9914A6DC2BD13943009EDC23 /* SimplePingSwiftTests */,
				9914A6CF2BD13942009EDC23 /* Products */,
			);
			sourceTree = "<group>";
		};
		9914A6CF2BD13942009EDC23 /* Products */ = {
			isa = PBXGroup;
			children = (
				9914A6CE2BD13942009EDC23 /* SimplePingSwift.framework */,
				9914A6D82BD13943009EDC23 /* SimplePingSwiftTests.xctest */,
			);
			name = Products;
			sourceTree = "<group>";
		};
		9914A6D02BD13942009EDC23 /* SimplePingSwift */ = {
			isa = PBXGroup;
			children = (
				9914A7032BD17092009EDC23 /* Source */,
				9914A6D12BD13942009EDC23 /* SimplePingSwift.h */,
				9914A7002BD15EE7009EDC23 /* SimplePingSwift.modulemap */,
				9914A6D22BD13942009EDC23 /* SimplePingSwift.docc */,
			);
			path = SimplePingSwift;
			sourceTree = "<group>";
		};
		9914A6DC2BD13943009EDC23 /* SimplePingSwiftTests */ = {
			isa = PBXGroup;
			children = (
				9914A6FD2BD15E1B009EDC23 /* SimplePingAccessTests.swift */,
				9984B7FC2BDA6047004A3820 /* PingSessionTests.swift */,
				9984B8032BDA64D4004A3820 /* SimplePingPingManagerTests.swift */,
			);
			path = SimplePingSwiftTests;
			sourceTree = "<group>";
		};
		9914A6EF2BD146AB009EDC23 /* Private */ = {
			isa = PBXGroup;
			children = (
				9914A6F02BD146C6009EDC23 /* SimplePing.h */,
				9914A6F12BD146C6009EDC23 /* SimplePing.m */,
				9984B7FA2BDA5FE0004A3820 /* PingSession.swift */,
				9984B8012BDA6371004A3820 /* SimplePingPingManager.swift */,
			);
			path = Private;
			sourceTree = "<group>";
		};
		9914A7032BD17092009EDC23 /* Source */ = {
			isa = PBXGroup;
			children = (
				9984B7FE2BDA60BE004A3820 /* Public */,
				9914A6EF2BD146AB009EDC23 /* Private */,
			);
			path = Source;
			sourceTree = "<group>";
		};
		9984B7FE2BDA60BE004A3820 /* Public */ = {
			isa = PBXGroup;
			children = (
				9984B7FF2BDA60FB004A3820 /* PingManager.swift */,
			);
			path = Public;
			sourceTree = "<group>";
		};
/* End PBXGroup section */

/* Begin PBXHeadersBuildPhase section */
		9914A6C92BD13942009EDC23 /* Headers */ = {
			isa = PBXHeadersBuildPhase;
			buildActionMask = 2147483647;
			files = (
				9914A6F22BD146C6009EDC23 /* SimplePing.h in Headers */,
				9914A6DF2BD13943009EDC23 /* SimplePingSwift.h in Headers */,
			);
			runOnlyForDeploymentPostprocessing = 0;
		};
/* End PBXHeadersBuildPhase section */

/* Begin PBXNativeTarget section */
		9914A6CD2BD13942009EDC23 /* SimplePingSwift */ = {
			isa = PBXNativeTarget;
			buildConfigurationList = 9914A6E22BD13943009EDC23 /* Build configuration list for PBXNativeTarget "SimplePingSwift" */;
			buildPhases = (
				9914A6C92BD13942009EDC23 /* Headers */,
				9914A6CA2BD13942009EDC23 /* Sources */,
				9914A6CB2BD13942009EDC23 /* Frameworks */,
				9914A6CC2BD13942009EDC23 /* Resources */,
			);
			buildRules = (
			);
			dependencies = (
			);
			name = SimplePingSwift;
			productName = SimplePingSwift;
			productReference = 9914A6CE2BD13942009EDC23 /* SimplePingSwift.framework */;
			productType = "com.apple.product-type.framework";
		};
		9914A6D72BD13943009EDC23 /* SimplePingSwiftTests */ = {
			isa = PBXNativeTarget;
			buildConfigurationList = 9914A6E52BD13943009EDC23 /* Build configuration list for PBXNativeTarget "SimplePingSwiftTests" */;
			buildPhases = (
				9914A6D42BD13943009EDC23 /* Sources */,
				9914A6D52BD13943009EDC23 /* Frameworks */,
				9914A6D62BD13943009EDC23 /* Resources */,
			);
			buildRules = (
			);
			dependencies = (
				9914A6DB2BD13943009EDC23 /* PBXTargetDependency */,
			);
			name = SimplePingSwiftTests;
			productName = SimplePingSwiftTests;
			productReference = 9914A6D82BD13943009EDC23 /* SimplePingSwiftTests.xctest */;
			productType = "com.apple.product-type.bundle.unit-test";
		};
/* End PBXNativeTarget section */

/* Begin PBXProject section */
		9914A6C52BD13942009EDC23 /* Project object */ = {
			isa = PBXProject;
			attributes = {
				BuildIndependentTargetsInParallel = 1;
				LastSwiftUpdateCheck = 1530;
				LastUpgradeCheck = 1530;
				TargetAttributes = {
					9914A6CD2BD13942009EDC23 = {
						CreatedOnToolsVersion = 15.3;
						LastSwiftMigration = 1530;
					};
					9914A6D72BD13943009EDC23 = {
						CreatedOnToolsVersion = 15.3;
						LastSwiftMigration = 1530;
					};
				};
			};
			buildConfigurationList = 9914A6C82BD13942009EDC23 /* Build configuration list for PBXProject "SimplePingSwift" */;
			compatibilityVersion = "Xcode 14.0";
			developmentRegion = en;
			hasScannedForEncodings = 0;
			knownRegions = (
				en,
				Base,
			);
			mainGroup = 9914A6C42BD13942009EDC23;
			productRefGroup = 9914A6CF2BD13942009EDC23 /* Products */;
			projectDirPath = "";
			projectRoot = "";
			targets = (
				9914A6CD2BD13942009EDC23 /* SimplePingSwift */,
				9914A6D72BD13943009EDC23 /* SimplePingSwiftTests */,
			);
		};
/* End PBXProject section */

/* Begin PBXResourcesBuildPhase section */
		9914A6CC2BD13942009EDC23 /* Resources */ = {
			isa = PBXResourcesBuildPhase;
			buildActionMask = 2147483647;
			files = (
			);
			runOnlyForDeploymentPostprocessing = 0;
		};
		9914A6D62BD13943009EDC23 /* Resources */ = {
			isa = PBXResourcesBuildPhase;
			buildActionMask = 2147483647;
			files = (
			);
			runOnlyForDeploymentPostprocessing = 0;
		};
/* End PBXResourcesBuildPhase section */

/* Begin PBXSourcesBuildPhase section */
		9914A6CA2BD13942009EDC23 /* Sources */ = {
			isa = PBXSourcesBuildPhase;
			buildActionMask = 2147483647;
			files = (
				9984B7FB2BDA5FE0004A3820 /* PingSession.swift in Sources */,
				9984B8022BDA6371004A3820 /* SimplePingPingManager.swift in Sources */,
				9984B8002BDA60FB004A3820 /* PingManager.swift in Sources */,
				9914A6D32BD13942009EDC23 /* SimplePingSwift.docc in Sources */,
				9914A6F32BD146C6009EDC23 /* SimplePing.m in Sources */,
			);
			runOnlyForDeploymentPostprocessing = 0;
		};
		9914A6D42BD13943009EDC23 /* Sources */ = {
			isa = PBXSourcesBuildPhase;
			buildActionMask = 2147483647;
			files = (
				9984B7FD2BDA6047004A3820 /* PingSessionTests.swift in Sources */,
				9914A6FE2BD15E1B009EDC23 /* SimplePingAccessTests.swift in Sources */,
				9984B8042BDA64D4004A3820 /* SimplePingPingManagerTests.swift in Sources */,
			);
			runOnlyForDeploymentPostprocessing = 0;
		};
/* End PBXSourcesBuildPhase section */

/* Begin PBXTargetDependency section */
		9914A6DB2BD13943009EDC23 /* PBXTargetDependency */ = {
			isa = PBXTargetDependency;
			target = 9914A6CD2BD13942009EDC23 /* SimplePingSwift */;
			targetProxy = 9914A6DA2BD13943009EDC23 /* PBXContainerItemProxy */;
		};
/* End PBXTargetDependency section */

/* Begin XCBuildConfiguration section */
		9914A6E02BD13943009EDC23 /* Debug */ = {
			isa = XCBuildConfiguration;
			buildSettings = {
				ALWAYS_SEARCH_USER_PATHS = NO;
				ASSETCATALOG_COMPILER_GENERATE_SWIFT_ASSET_SYMBOL_EXTENSIONS = YES;
				CLANG_ANALYZER_NONNULL = YES;
				CLANG_ANALYZER_NUMBER_OBJECT_CONVERSION = YES_AGGRESSIVE;
				CLANG_CXX_LANGUAGE_STANDARD = "gnu++20";
				CLANG_ENABLE_MODULES = YES;
				CLANG_ENABLE_OBJC_ARC = YES;
				CLANG_ENABLE_OBJC_WEAK = YES;
				CLANG_WARN_BLOCK_CAPTURE_AUTORELEASING = YES;
				CLANG_WARN_BOOL_CONVERSION = YES;
				CLANG_WARN_COMMA = YES;
				CLANG_WARN_CONSTANT_CONVERSION = YES;
				CLANG_WARN_DEPRECATED_OBJC_IMPLEMENTATIONS = YES;
				CLANG_WARN_DIRECT_OBJC_ISA_USAGE = YES_ERROR;
				CLANG_WARN_DOCUMENTATION_COMMENTS = YES;
				CLANG_WARN_EMPTY_BODY = YES;
				CLANG_WARN_ENUM_CONVERSION = YES;
				CLANG_WARN_INFINITE_RECURSION = YES;
				CLANG_WARN_INT_CONVERSION = YES;
				CLANG_WARN_NON_LITERAL_NULL_CONVERSION = YES;
				CLANG_WARN_OBJC_IMPLICIT_RETAIN_SELF = YES;
				CLANG_WARN_OBJC_LITERAL_CONVERSION = YES;
				CLANG_WARN_OBJC_ROOT_CLASS = YES_ERROR;
				CLANG_WARN_QUOTED_INCLUDE_IN_FRAMEWORK_HEADER = YES;
				CLANG_WARN_RANGE_LOOP_ANALYSIS = YES;
				CLANG_WARN_STRICT_PROTOTYPES = YES;
				CLANG_WARN_SUSPICIOUS_MOVE = YES;
				CLANG_WARN_UNGUARDED_AVAILABILITY = YES_AGGRESSIVE;
				CLANG_WARN_UNREACHABLE_CODE = YES;
				CLANG_WARN__DUPLICATE_METHOD_MATCH = YES;
				COPY_PHASE_STRIP = NO;
				CURRENT_PROJECT_VERSION = 1;
				DEBUG_INFORMATION_FORMAT = dwarf;
				ENABLE_STRICT_OBJC_MSGSEND = YES;
				ENABLE_TESTABILITY = YES;
				ENABLE_USER_SCRIPT_SANDBOXING = YES;
				GCC_C_LANGUAGE_STANDARD = gnu17;
				GCC_DYNAMIC_NO_PIC = NO;
				GCC_NO_COMMON_BLOCKS = YES;
				GCC_OPTIMIZATION_LEVEL = 0;
				GCC_PREPROCESSOR_DEFINITIONS = (
					"DEBUG=1",
					"$(inherited)",
				);
				GCC_WARN_64_TO_32_BIT_CONVERSION = YES;
				GCC_WARN_ABOUT_RETURN_TYPE = YES_ERROR;
				GCC_WARN_UNDECLARED_SELECTOR = YES;
				GCC_WARN_UNINITIALIZED_AUTOS = YES_AGGRESSIVE;
				GCC_WARN_UNUSED_FUNCTION = YES;
				GCC_WARN_UNUSED_VARIABLE = YES;
				LOCALIZATION_PREFERS_STRING_CATALOGS = YES;
				MTL_ENABLE_DEBUG_INFO = INCLUDE_SOURCE;
				MTL_FAST_MATH = YES;
				ONLY_ACTIVE_ARCH = YES;
				SWIFT_ACTIVE_COMPILATION_CONDITIONS = "DEBUG $(inherited)";
				SWIFT_OPTIMIZATION_LEVEL = "-Onone";
				VERSIONING_SYSTEM = "apple-generic";
				VERSION_INFO_PREFIX = "";
			};
			name = Debug;
		};
		9914A6E12BD13943009EDC23 /* Release */ = {
			isa = XCBuildConfiguration;
			buildSettings = {
				ALWAYS_SEARCH_USER_PATHS = NO;
				ASSETCATALOG_COMPILER_GENERATE_SWIFT_ASSET_SYMBOL_EXTENSIONS = YES;
				CLANG_ANALYZER_NONNULL = YES;
				CLANG_ANALYZER_NUMBER_OBJECT_CONVERSION = YES_AGGRESSIVE;
				CLANG_CXX_LANGUAGE_STANDARD = "gnu++20";
				CLANG_ENABLE_MODULES = YES;
				CLANG_ENABLE_OBJC_ARC = YES;
				CLANG_ENABLE_OBJC_WEAK = YES;
				CLANG_WARN_BLOCK_CAPTURE_AUTORELEASING = YES;
				CLANG_WARN_BOOL_CONVERSION = YES;
				CLANG_WARN_COMMA = YES;
				CLANG_WARN_CONSTANT_CONVERSION = YES;
				CLANG_WARN_DEPRECATED_OBJC_IMPLEMENTATIONS = YES;
				CLANG_WARN_DIRECT_OBJC_ISA_USAGE = YES_ERROR;
				CLANG_WARN_DOCUMENTATION_COMMENTS = YES;
				CLANG_WARN_EMPTY_BODY = YES;
				CLANG_WARN_ENUM_CONVERSION = YES;
				CLANG_WARN_INFINITE_RECURSION = YES;
				CLANG_WARN_INT_CONVERSION = YES;
				CLANG_WARN_NON_LITERAL_NULL_CONVERSION = YES;
				CLANG_WARN_OBJC_IMPLICIT_RETAIN_SELF = YES;
				CLANG_WARN_OBJC_LITERAL_CONVERSION = YES;
				CLANG_WARN_OBJC_ROOT_CLASS = YES_ERROR;
				CLANG_WARN_QUOTED_INCLUDE_IN_FRAMEWORK_HEADER = YES;
				CLANG_WARN_RANGE_LOOP_ANALYSIS = YES;
				CLANG_WARN_STRICT_PROTOTYPES = YES;
				CLANG_WARN_SUSPICIOUS_MOVE = YES;
				CLANG_WARN_UNGUARDED_AVAILABILITY = YES_AGGRESSIVE;
				CLANG_WARN_UNREACHABLE_CODE = YES;
				CLANG_WARN__DUPLICATE_METHOD_MATCH = YES;
				COPY_PHASE_STRIP = NO;
				CURRENT_PROJECT_VERSION = 1;
				DEBUG_INFORMATION_FORMAT = "dwarf-with-dsym";
				ENABLE_NS_ASSERTIONS = NO;
				ENABLE_STRICT_OBJC_MSGSEND = YES;
				ENABLE_USER_SCRIPT_SANDBOXING = YES;
				GCC_C_LANGUAGE_STANDARD = gnu17;
				GCC_NO_COMMON_BLOCKS = YES;
				GCC_WARN_64_TO_32_BIT_CONVERSION = YES;
				GCC_WARN_ABOUT_RETURN_TYPE = YES_ERROR;
				GCC_WARN_UNDECLARED_SELECTOR = YES;
				GCC_WARN_UNINITIALIZED_AUTOS = YES_AGGRESSIVE;
				GCC_WARN_UNUSED_FUNCTION = YES;
				GCC_WARN_UNUSED_VARIABLE = YES;
				LOCALIZATION_PREFERS_STRING_CATALOGS = YES;
				MTL_ENABLE_DEBUG_INFO = NO;
				MTL_FAST_MATH = YES;
				SWIFT_COMPILATION_MODE = wholemodule;
				VERSIONING_SYSTEM = "apple-generic";
				VERSION_INFO_PREFIX = "";
			};
			name = Release;
		};
		9914A6E32BD13943009EDC23 /* Debug */ = {
			isa = XCBuildConfiguration;
			buildSettings = {
				ALLOW_TARGET_PLATFORM_SPECIALIZATION = YES;
				BUILD_LIBRARY_FOR_DISTRIBUTION = YES;
				CLANG_ENABLE_MODULES = YES;
				CODE_SIGN_STYLE = Automatic;
				CURRENT_PROJECT_VERSION = 1;
				DEFINES_MODULE = YES;
				DEVELOPMENT_TEAM = HZ29B27YKL;
				DYLIB_COMPATIBILITY_VERSION = 1;
				DYLIB_CURRENT_VERSION = 1;
				DYLIB_INSTALL_NAME_BASE = "@rpath";
				ENABLE_MODULE_VERIFIER = YES;
				GENERATE_INFOPLIST_FILE = YES;
				INFOPLIST_KEY_NSHumanReadableCopyright = "";
				INSTALL_PATH = "$(LOCAL_LIBRARY_DIR)/Frameworks";
				IPHONEOS_DEPLOYMENT_TARGET = 12.0;
				LD_RUNPATH_SEARCH_PATHS = (
					"@executable_path/Frameworks",
					"@loader_path/Frameworks",
				);
				"LD_RUNPATH_SEARCH_PATHS[sdk=macosx*]" = (
					"@executable_path/../Frameworks",
					"@loader_path/Frameworks",
				);
				MACOSX_DEPLOYMENT_TARGET = "$(RECOMMENDED_MACOSX_DEPLOYMENT_TARGET)";
				MARKETING_VERSION = 1.0;
				MODULEMAP_FILE = "$(SRCROOT)/SimplePingSwift/SimplePingSwift.modulemap";
				MODULEMAP_PRIVATE_FILE = "$(SRCROOT)/SimplePingSwift/SimplePingSwift.modulemap";
				MODULE_VERIFIER_SUPPORTED_LANGUAGES = "objective-c objective-c++";
				MODULE_VERIFIER_SUPPORTED_LANGUAGE_STANDARDS = "gnu17 gnu++20";
				PRODUCT_BUNDLE_IDENTIFIER = com.swiftSimplePing.framework.SimplePingSwift;
				PRODUCT_NAME = "$(TARGET_NAME:c99extidentifier)";
				SDKROOT = auto;
				SKIP_INSTALL = YES;
				SUPPORTED_PLATFORMS = "iphoneos iphonesimulator macosx";
				SWIFT_EMIT_LOC_STRINGS = YES;
				SWIFT_INSTALL_OBJC_HEADER = NO;
				SWIFT_OPTIMIZATION_LEVEL = "-Onone";
				SWIFT_VERSION = 5.0;
				TARGETED_DEVICE_FAMILY = "1,2";
			};
			name = Debug;
		};
		9914A6E42BD13943009EDC23 /* Release */ = {
			isa = XCBuildConfiguration;
			buildSettings = {
				ALLOW_TARGET_PLATFORM_SPECIALIZATION = YES;
				BUILD_LIBRARY_FOR_DISTRIBUTION = YES;
				CLANG_ENABLE_MODULES = YES;
				CODE_SIGN_STYLE = Automatic;
				CURRENT_PROJECT_VERSION = 1;
				DEFINES_MODULE = YES;
				DEVELOPMENT_TEAM = HZ29B27YKL;
				DYLIB_COMPATIBILITY_VERSION = 1;
				DYLIB_CURRENT_VERSION = 1;
				DYLIB_INSTALL_NAME_BASE = "@rpath";
				ENABLE_MODULE_VERIFIER = YES;
				GENERATE_INFOPLIST_FILE = YES;
				INFOPLIST_KEY_NSHumanReadableCopyright = "";
				INSTALL_PATH = "$(LOCAL_LIBRARY_DIR)/Frameworks";
				IPHONEOS_DEPLOYMENT_TARGET = 12.0;
				LD_RUNPATH_SEARCH_PATHS = (
					"@executable_path/Frameworks",
					"@loader_path/Frameworks",
				);
				"LD_RUNPATH_SEARCH_PATHS[sdk=macosx*]" = (
					"@executable_path/../Frameworks",
					"@loader_path/Frameworks",
				);
				MACOSX_DEPLOYMENT_TARGET = "$(RECOMMENDED_MACOSX_DEPLOYMENT_TARGET)";
				MARKETING_VERSION = 1.0;
				MODULEMAP_FILE = "$(SRCROOT)/SimplePingSwift/SimplePingSwift.modulemap";
				MODULEMAP_PRIVATE_FILE = "$(SRCROOT)/SimplePingSwift/SimplePingSwift.modulemap";
				MODULE_VERIFIER_SUPPORTED_LANGUAGES = "objective-c objective-c++";
				MODULE_VERIFIER_SUPPORTED_LANGUAGE_STANDARDS = "gnu17 gnu++20";
				PRODUCT_BUNDLE_IDENTIFIER = com.swiftSimplePing.framework.SimplePingSwift;
				PRODUCT_NAME = "$(TARGET_NAME:c99extidentifier)";
				SDKROOT = auto;
				SKIP_INSTALL = YES;
				SUPPORTED_PLATFORMS = "iphoneos iphonesimulator macosx";
				SWIFT_EMIT_LOC_STRINGS = YES;
				SWIFT_INSTALL_OBJC_HEADER = NO;
				SWIFT_VERSION = 5.0;
				TARGETED_DEVICE_FAMILY = "1,2";
			};
			name = Release;
		};
		9914A6E62BD13943009EDC23 /* Debug */ = {
			isa = XCBuildConfiguration;
			buildSettings = {
				ALLOW_TARGET_PLATFORM_SPECIALIZATION = YES;
				ALWAYS_EMBED_SWIFT_STANDARD_LIBRARIES = YES;
				CLANG_ENABLE_MODULES = YES;
				CODE_SIGN_STYLE = Automatic;
				CURRENT_PROJECT_VERSION = 1;
				DEVELOPMENT_TEAM = HZ29B27YKL;
				GENERATE_INFOPLIST_FILE = YES;
				IPHONEOS_DEPLOYMENT_TARGET = 12.0;
				MACOSX_DEPLOYMENT_TARGET = "$(RECOMMENDED_MACOSX_DEPLOYMENT_TARGET)";
				MARKETING_VERSION = 1.0;
				PRODUCT_BUNDLE_IDENTIFIER = com.swiftSimplePing.framework.SimplePingSwiftTests;
				PRODUCT_NAME = "$(TARGET_NAME)";
				SDKROOT = auto;
				SUPPORTED_PLATFORMS = "iphoneos iphonesimulator macosx";
				SWIFT_EMIT_LOC_STRINGS = NO;
				SWIFT_OPTIMIZATION_LEVEL = "-Onone";
				SWIFT_VERSION = 5.0;
				TARGETED_DEVICE_FAMILY = "1,2";
			};
			name = Debug;
		};
		9914A6E72BD13943009EDC23 /* Release */ = {
			isa = XCBuildConfiguration;
			buildSettings = {
				ALLOW_TARGET_PLATFORM_SPECIALIZATION = YES;
				ALWAYS_EMBED_SWIFT_STANDARD_LIBRARIES = YES;
				CLANG_ENABLE_MODULES = YES;
				CODE_SIGN_STYLE = Automatic;
				CURRENT_PROJECT_VERSION = 1;
				DEVELOPMENT_TEAM = HZ29B27YKL;
				GENERATE_INFOPLIST_FILE = YES;
				IPHONEOS_DEPLOYMENT_TARGET = 12.0;
				MACOSX_DEPLOYMENT_TARGET = "$(RECOMMENDED_MACOSX_DEPLOYMENT_TARGET)";
				MARKETING_VERSION = 1.0;
				PRODUCT_BUNDLE_IDENTIFIER = com.swiftSimplePing.framework.SimplePingSwiftTests;
				PRODUCT_NAME = "$(TARGET_NAME)";
				SDKROOT = auto;
				SUPPORTED_PLATFORMS = "iphoneos iphonesimulator macosx";
				SWIFT_EMIT_LOC_STRINGS = NO;
				SWIFT_VERSION = 5.0;
				TARGETED_DEVICE_FAMILY = "1,2";
			};
			name = Release;
		};
/* End XCBuildConfiguration section */

/* Begin XCConfigurationList section */
		9914A6C82BD13942009EDC23 /* Build configuration list for PBXProject "SimplePingSwift" */ = {
			isa = XCConfigurationList;
			buildConfigurations = (
				9914A6E02BD13943009EDC23 /* Debug */,
				9914A6E12BD13943009EDC23 /* Release */,
			);
			defaultConfigurationIsVisible = 0;
			defaultConfigurationName = Release;
		};
		9914A6E22BD13943009EDC23 /* Build configuration list for PBXNativeTarget "SimplePingSwift" */ = {
			isa = XCConfigurationList;
			buildConfigurations = (
				9914A6E32BD13943009EDC23 /* Debug */,
				9914A6E42BD13943009EDC23 /* Release */,
			);
			defaultConfigurationIsVisible = 0;
			defaultConfigurationName = Release;
		};
		9914A6E52BD13943009EDC23 /* Build configuration list for PBXNativeTarget "SimplePingSwiftTests" */ = {
			isa = XCConfigurationList;
			buildConfigurations = (
				9914A6E62BD13943009EDC23 /* Debug */,
				9914A6E72BD13943009EDC23 /* Release */,
			);
			defaultConfigurationIsVisible = 0;
			defaultConfigurationName = Release;
		};
/* End XCConfigurationList section */
	};
	rootObject = 9914A6C52BD13942009EDC23 /* Project object */;
}
